
Microsoft Visual Studio Solution File, Format Version 12.00
# Visual Studio Version 16
VisualStudioVersion = 16.0.32126.315
MinimumVisualStudioVersion = 10.0.40219.1
Project("{FAE04EC0-301F-11D3-BF4B-00C04F79EFBC}") = "juridico TDD", "juridico TDD\juridico TDD.csproj", "{35B5F4F9-D72B-4B87-AEA6-8F06C9053C4F}"
EndProject
Global
	GlobalSection(SolutionConfigurationPlatforms) = preSolution
		Debug|Any CPU = Debug|Any CPU
		Release|Any CPU = Release|Any CPU
	EndGlobalSection
	GlobalSection(ProjectConfigurationPlatforms) = postSolution
		{35B5F4F9-D72B-4B87-AEA6-8F06C9053C4F}.Debug|Any CPU.ActiveCfg = Debug|Any CPU
		{35B5F4F9-D72B-4B87-AEA6-8F06C9053C4F}.Debug|Any CPU.Build.0 = Debug|Any CPU
		{35B5F4F9-D72B-4B87-AEA6-8F06C9053C4F}.Release|Any CPU.ActiveCfg = Release|Any CPU
		{35B5F4F9-D72B-4B87-AEA6-8F06C9053C4F}.Release|Any CPU.Build.0 = Release|Any CPU
	EndGlobalSection
	GlobalSection(SolutionProperties) = preSolution
		HideSolutionNode = FALSE
	EndGlobalSection
	GlobalSection(ExtensibilityGlobals) = postSolution
		SolutionGuid = {88ADC5CF-9384-462A-BCE2-DFADD54BD498}
	EndGlobalSection
EndGlobal
